<?xml version="1.0" encoding="UTF-8"?>
<Scheme
   version = "1.3">
   <BuildAction>
      <BuildActionEntries>
         <BuildActionEntry
            buildForRunning = "YES">
            <BuildableReference
               BuildableIdentifier = "primary"
               BuildableName = "SimpleCaptureDemo.app"
               BlueprintName = "SimpleCaptureDemo"
               ReferencedContainer = "container:SimpleCaptureDemo.xcodeproj"
               BlueprintIdentifier = "90C36B6B7717AA0C893E08E1">
            </BuildableReference>
         </BuildActionEntry>
      </BuildActionEntries>
   </BuildAction>
   <LaunchAction
      useCustomWorkingDirectory = "NO"
      buildConfiguration = "Debug">
      <BuildableProductRunnable>
         <BuildableReference
            BuildableIdentifier = "primary"
            BuildableName = "SimpleCaptureDemo.app"
            BlueprintName = "SimpleCaptureDemo"
            ReferencedContainer = "container:SimpleCaptureDemo.xcodeproj"
            BlueprintIdentifier = "90C36B6B7717AA0C893E08E1">
         </BuildableReference>
      </BuildableProductRunnable>
   </LaunchAction>
</Scheme>
